
Microsoft Visual Studio Solution File, Format Version 12.00
# Visual Studio Version 16
VisualStudioVersion = 16.0.34931.43
MinimumVisualStudioVersion = 10.0.40219.1
Project("{FAE04EC0-301F-11D3-BF4B-00C04F79EFBC}") = "WebApplication3", "WebApplication3\WebApplication3.csproj", "{DF3061AC-2496-49A1-AF5E-FA6AA6729AE0}"
EndProject
Global
	GlobalSection(SolutionConfigurationPlatforms) = preSolution
		Debug|Any CPU = Debug|Any CPU
		Release|Any CPU = Release|Any CPU
	EndGlobalSection
	GlobalSection(ProjectConfigurationPlatforms) = postSolution
		{DF3061AC-2496-49A1-AF5E-FA6AA6729AE0}.Debug|Any CPU.ActiveCfg = Debug|Any CPU
		{DF3061AC-2496-49A1-AF5E-FA6AA6729AE0}.Debug|Any CPU.Build.0 = Debug|Any CPU
		{DF3061AC-2496-49A1-AF5E-FA6AA6729AE0}.Release|Any CPU.ActiveCfg = Release|Any CPU
		{DF3061AC-2496-49A1-AF5E-FA6AA6729AE0}.Release|Any CPU.Build.0 = Release|Any CPU
	EndGlobalSection
	GlobalSection(SolutionProperties) = preSolution
		HideSolutionNode = FALSE
	EndGlobalSection
	GlobalSection(ExtensibilityGlobals) = postSolution
		SolutionGuid = {061D62C6-EDE8-4775-999C-12C6F1EF9A0E}
	EndGlobalSection
EndGlobal
